
Microsoft Visual Studio Solution File, Format Version 11.00
# Visual Studio 2010
Project("{FAE04EC0-301F-11D3-BF4B-00C04F79EFBC}") = "Git2Bit", "Git2Bit\Git2Bit.csproj", "{A199811C-9F6F-4BE3-A163-A091F98F3B4E}"
EndProject
Global
	GlobalSection(SolutionConfigurationPlatforms) = preSolution
		Debug|x86 = Debug|x86
		Release|x86 = Release|x86
	EndGlobalSection
	GlobalSection(ProjectConfigurationPlatforms) = postSolution
		{A199811C-9F6F-4BE3-A163-A091F98F3B4E}.Debug|x86.ActiveCfg = Debug|x86
		{A199811C-9F6F-4BE3-A163-A091F98F3B4E}.Debug|x86.Build.0 = Debug|x86
		{A199811C-9F6F-4BE3-A163-A091F98F3B4E}.Release|x86.ActiveCfg = Release|x86
		{A199811C-9F6F-4BE3-A163-A091F98F3B4E}.Release|x86.Build.0 = Release|x86
	EndGlobalSection
	GlobalSection(SolutionProperties) = preSolution
		HideSolutionNode = FALSE
	EndGlobalSection
EndGlobal
